
Microsoft Visual Studio Solution File, Format Version 12.00
# Visual Studio Version 16
VisualStudioVersion = 16.0.30406.217
MinimumVisualStudioVersion = 10.0.40219.1
Project("{9A19103F-16F7-4668-BE54-9A1E7A4F7556}") = "ETraveller.api.Flights", "ETraveller.api.Flights\ETraveller.api.Flights.csproj", "{E477929F-ACAF-4EE9-9E65-1CB6051FE5D4}"
EndProject
Project("{9A19103F-16F7-4668-BE54-9A1E7A4F7556}") = "ETraveller.api.Travels", "ETraveller.api.Travels\ETraveller.api.Travels.csproj", "{10DFF730-6603-4456-B4A6-6E0CF7DBE334}"
EndProject
Project("{9A19103F-16F7-4668-BE54-9A1E7A4F7556}") = "ETraveller.api.Accommodations", "ETraveller.api.Accommodations\ETraveller.api.Accommodations.csproj", "{D154941A-CB7E-49D3-A42B-200091450007}"
EndProject
Project("{9A19103F-16F7-4668-BE54-9A1E7A4F7556}") = "ETraveller.Common", "ETraveller.Common\ETraveller.Common.csproj", "{0D8B6B87-A215-40A6-B2F1-7841B3C0933D}"
EndProject
Project("{9A19103F-16F7-4668-BE54-9A1E7A4F7556}") = "ETravaller.api.Flights.Tests", "ETravaller.api.Flights.Tests\ETravaller.api.Flights.Tests.csproj", "{E51CCE70-071B-4DA2-AB1D-863D38D75674}"
EndProject
Project("{E53339B2-1760-4266-BCC7-CA923CBCF16C}") = "docker-compose", "docker-compose.dcproj", "{FEE8772C-A48B-4E5B-9415-71956385D178}"
EndProject
Global
	GlobalSection(SolutionConfigurationPlatforms) = preSolution
		Debug|Any CPU = Debug|Any CPU
		Release|Any CPU = Release|Any CPU
	EndGlobalSection
	GlobalSection(ProjectConfigurationPlatforms) = postSolution
		{E477929F-ACAF-4EE9-9E65-1CB6051FE5D4}.Debug|Any CPU.ActiveCfg = Debug|Any CPU
		{E477929F-ACAF-4EE9-9E65-1CB6051FE5D4}.Debug|Any CPU.Build.0 = Debug|Any CPU
		{E477929F-ACAF-4EE9-9E65-1CB6051FE5D4}.Release|Any CPU.ActiveCfg = Release|Any CPU
		{E477929F-ACAF-4EE9-9E65-1CB6051FE5D4}.Release|Any CPU.Build.0 = Release|Any CPU
		{10DFF730-6603-4456-B4A6-6E0CF7DBE334}.Debug|Any CPU.ActiveCfg = Debug|Any CPU
		{10DFF730-6603-4456-B4A6-6E0CF7DBE334}.Debug|Any CPU.Build.0 = Debug|Any CPU
		{10DFF730-6603-4456-B4A6-6E0CF7DBE334}.Release|Any CPU.ActiveCfg = Release|Any CPU
		{10DFF730-6603-4456-B4A6-6E0CF7DBE334}.Release|Any CPU.Build.0 = Release|Any CPU
		{D154941A-CB7E-49D3-A42B-200091450007}.Debug|Any CPU.ActiveCfg = Debug|Any CPU
		{D154941A-CB7E-49D3-A42B-200091450007}.Debug|Any CPU.Build.0 = Debug|Any CPU
		{D154941A-CB7E-49D3-A42B-200091450007}.Release|Any CPU.ActiveCfg = Release|Any CPU
		{D154941A-CB7E-49D3-A42B-200091450007}.Release|Any CPU.Build.0 = Release|Any CPU
		{0D8B6B87-A215-40A6-B2F1-7841B3C0933D}.Debug|Any CPU.ActiveCfg = Debug|Any CPU
		{0D8B6B87-A215-40A6-B2F1-7841B3C0933D}.Debug|Any CPU.Build.0 = Debug|Any CPU
		{0D8B6B87-A215-40A6-B2F1-7841B3C0933D}.Release|Any CPU.ActiveCfg = Release|Any CPU
		{0D8B6B87-A215-40A6-B2F1-7841B3C0933D}.Release|Any CPU.Build.0 = Release|Any CPU
		{E51CCE70-071B-4DA2-AB1D-863D38D75674}.Debug|Any CPU.ActiveCfg = Debug|Any CPU
		{E51CCE70-071B-4DA2-AB1D-863D38D75674}.Debug|Any CPU.Build.0 = Debug|Any CPU
		{E51CCE70-071B-4DA2-AB1D-863D38D75674}.Release|Any CPU.ActiveCfg = Release|Any CPU
		{E51CCE70-071B-4DA2-AB1D-863D38D75674}.Release|Any CPU.Build.0 = Release|Any CPU
		{FEE8772C-A48B-4E5B-9415-71956385D178}.Debug|Any CPU.ActiveCfg = Debug|Any CPU
		{FEE8772C-A48B-4E5B-9415-71956385D178}.Debug|Any CPU.Build.0 = Debug|Any CPU
		{FEE8772C-A48B-4E5B-9415-71956385D178}.Release|Any CPU.ActiveCfg = Release|Any CPU
		{FEE8772C-A48B-4E5B-9415-71956385D178}.Release|Any CPU.Build.0 = Release|Any CPU
	EndGlobalSection
	GlobalSection(SolutionProperties) = preSolution
		HideSolutionNode = FALSE
	EndGlobalSection
	GlobalSection(ExtensibilityGlobals) = postSolution
		SolutionGuid = {8AC34611-3323-44A4-A490-F752F5FFB466}
	EndGlobalSection
EndGlobal
